<Solution>
  <Folder Name="/src/">
    <Project Path="src/Observer.App/Observer.App.csproj" />
    <Project Path="src/Observer.Cli/Observer.Cli.csproj" />
    <Project Path="src/Observer.Core/Observer.Core.csproj" />
    <Project Path="src/Observer.Service/Observer.Service.csproj" />
  </Folder>
  <Folder Name="/tests/">
    <Project Path="tests/Observer.App.Tests/Observer.App.Tests.csproj" />
    <Project Path="tests/Observer.Cli.Tests/Observer.Cli.Tests.csproj" />
    <Project Path="tests/Observer.Core.Tests/Observer.Core.Tests.csproj" />
    <Project Path="tests/Observer.Service.Tests/Observer.Service.Tests.csproj" />
  </Folder>
</Solution>
